
Microsoft Visual Studio Solution File, Format Version 12.00
# Visual Studio 14
VisualStudioVersion = 14.0.25123.0
MinimumVisualStudioVersion = 10.0.40219.1
Project("{FAE04EC0-301F-11D3-BF4B-00C04F79EFBC}") = "DemoApp.Droid", "DemoApp\DemoApp.Droid\DemoApp.Droid.csproj", "{AFC7A2F7-6A7D-4850-B3B1-C9D37CD0DF52}"
EndProject
Project("{FAE04EC0-301F-11D3-BF4B-00C04F79EFBC}") = "DemoApp.iOS", "DemoApp\DemoApp.iOS\DemoApp.iOS.csproj", "{C0FAD9D7-BDC3-40DD-855F-58A1EE585714}"
EndProject
Project("{FAE04EC0-301F-11D3-BF4B-00C04F79EFBC}") = "DemoApp.WinPhone", "DemoApp\DemoApp.WinPhone\DemoApp.WinPhone.csproj", "{8C6494EA-DEB6-4029-A39E-7DE89D622243}"
EndProject
Project("{FAE04EC0-301F-11D3-BF4B-00C04F79EFBC}") = "DemoApp.Windows", "DemoApp\DemoApp.Windows\DemoApp.Windows.csproj", "{C96FCD9C-91A0-46AA-8E63-982B3AE8CB58}"
EndProject
Project("{FAE04EC0-301F-11D3-BF4B-00C04F79EFBC}") = "DemoApp", "DemoApp\DemoApp\DemoApp.csproj", "{BD1366BF-6026-472E-8946-F249D042326F}"
EndProject
Global
	GlobalSection(SolutionConfigurationPlatforms) = preSolution
		Ad-Hoc|Any CPU = Ad-Hoc|Any CPU
		Ad-Hoc|ARM = Ad-Hoc|ARM
		Ad-Hoc|iPhone = Ad-Hoc|iPhone
		Ad-Hoc|iPhoneSimulator = Ad-Hoc|iPhoneSimulator
		Ad-Hoc|x64 = Ad-Hoc|x64
		Ad-Hoc|x86 = Ad-Hoc|x86
		AppStore|Any CPU = AppStore|Any CPU
		AppStore|ARM = AppStore|ARM
		AppStore|iPhone = AppStore|iPhone
		AppStore|iPhoneSimulator = AppStore|iPhoneSimulator
		AppStore|x64 = AppStore|x64
		AppStore|x86 = AppStore|x86
		Debug|Any CPU = Debug|Any CPU
		Debug|ARM = Debug|ARM
		Debug|iPhone = Debug|iPhone
		Debug|iPhoneSimulator = Debug|iPhoneSimulator
		Debug|x64 = Debug|x64
		Debug|x86 = Debug|x86
		Release|Any CPU = Release|Any CPU
		Release|ARM = Release|ARM
		Release|iPhone = Release|iPhone
		Release|iPhoneSimulator = Release|iPhoneSimulator
		Release|x64 = Release|x64
		Release|x86 = Release|x86
	EndGlobalSection
	GlobalSection(ProjectConfigurationPlatforms) = postSolution
		{AFC7A2F7-6A7D-4850-B3B1-C9D37CD0DF52}.Ad-Hoc|Any CPU.ActiveCfg = Release|Any CPU
		{AFC7A2F7-6A7D-4850-B3B1-C9D37CD0DF52}.Ad-Hoc|Any CPU.Build.0 = Release|Any CPU
		{AFC7A2F7-6A7D-4850-B3B1-C9D37CD0DF52}.Ad-Hoc|Any CPU.Deploy.0 = Release|Any CPU
		{AFC7A2F7-6A7D-4850-B3B1-C9D37CD0DF52}.Ad-Hoc|ARM.ActiveCfg = Release|Any CPU
		{AFC7A2F7-6A7D-4850-B3B1-C9D37CD0DF52}.Ad-Hoc|ARM.Build.0 = Release|Any CPU
		{AFC7A2F7-6A7D-4850-B3B1-C9D37CD0DF52}.Ad-Hoc|ARM.Deploy.0 = Release|Any CPU
		{AFC7A2F7-6A7D-4850-B3B1-C9D37CD0DF52}.Ad-Hoc|iPhone.ActiveCfg = Release|Any CPU
		{AFC7A2F7-6A7D-4850-B3B1-C9D37CD0DF52}.Ad-Hoc|iPhone.Build.0 = Release|Any CPU
		{AFC7A2F7-6A7D-4850-B3B1-C9D37CD0DF52}.Ad-Hoc|iPhone.Deploy.0 = Release|Any CPU
		{AFC7A2F7-6A7D-4850-B3B1-C9D37CD0DF52}.Ad-Hoc|iPhoneSimulator.ActiveCfg = Release|Any CPU
		{AFC7A2F7-6A7D-4850-B3B1-C9D37CD0DF52}.Ad-Hoc|iPhoneSimulator.Build.0 = Release|Any CPU
		{AFC7A2F7-6A7D-4850-B3B1-C9D37CD0DF52}.Ad-Hoc|iPhoneSimulator.Deploy.0 = Release|Any CPU
		{AFC7A2F7-6A7D-4850-B3B1-C9D37CD0DF52}.Ad-Hoc|x64.ActiveCfg = Release|Any CPU
		{AFC7A2F7-6A7D-4850-B3B1-C9D37CD0DF52}.Ad-Hoc|x64.Build.0 = Release|Any CPU
		{AFC7A2F7-6A7D-4850-B3B1-C9D37CD0DF52}.Ad-Hoc|x64.Deploy.0 = Release|Any CPU
		{AFC7A2F7-6A7D-4850-B3B1-C9D37CD0DF52}.Ad-Hoc|x86.ActiveCfg = Release|Any CPU
		{AFC7A2F7-6A7D-4850-B3B1-C9D37CD0DF52}.Ad-Hoc|x86.Build.0 = Release|Any CPU
		{AFC7A2F7-6A7D-4850-B3B1-C9D37CD0DF52}.Ad-Hoc|x86.Deploy.0 = Release|Any CPU
		{AFC7A2F7-6A7D-4850-B3B1-C9D37CD0DF52}.AppStore|Any CPU.ActiveCfg = Release|Any CPU
		{AFC7A2F7-6A7D-4850-B3B1-C9D37CD0DF52}.AppStore|Any CPU.Build.0 = Release|Any CPU
		{AFC7A2F7-6A7D-4850-B3B1-C9D37CD0DF52}.AppStore|Any CPU.Deploy.0 = Release|Any CPU
		{AFC7A2F7-6A7D-4850-B3B1-C9D37CD0DF52}.AppStore|ARM.ActiveCfg = Release|Any CPU
		{AFC7A2F7-6A7D-4850-B3B1-C9D37CD0DF52}.AppStore|ARM.Build.0 = Release|Any CPU
		{AFC7A2F7-6A7D-4850-B3B1-C9D37CD0DF52}.AppStore|ARM.Deploy.0 = Release|Any CPU
		{AFC7A2F7-6A7D-4850-B3B1-C9D37CD0DF52}.AppStore|iPhone.ActiveCfg = Release|Any CPU
		{AFC7A2F7-6A7D-4850-B3B1-C9D37CD0DF52}.AppStore|iPhone.Build.0 = Release|Any CPU
		{AFC7A2F7-6A7D-4850-B3B1-C9D37CD0DF52}.AppStore|iPhone.Deploy.0 = Release|Any CPU
		{AFC7A2F7-6A7D-4850-B3B1-C9D37CD0DF52}.AppStore|iPhoneSimulator.ActiveCfg = Release|Any CPU
		{AFC7A2F7-6A7D-4850-B3B1-C9D37CD0DF52}.AppStore|iPhoneSimulator.Build.0 = Release|Any CPU
		{AFC7A2F7-6A7D-4850-B3B1-C9D37CD0DF52}.AppStore|iPhoneSimulator.Deploy.0 = Release|Any CPU
		{AFC7A2F7-6A7D-4850-B3B1-C9D37CD0DF52}.AppStore|x64.ActiveCfg = Release|Any CPU
		{AFC7A2F7-6A7D-4850-B3B1-C9D37CD0DF52}.AppStore|x64.Build.0 = Release|Any CPU
		{AFC7A2F7-6A7D-4850-B3B1-C9D37CD0DF52}.AppStore|x64.Deploy.0 = Release|Any CPU
		{AFC7A2F7-6A7D-4850-B3B1-C9D37CD0DF52}.AppStore|x86.ActiveCfg = Release|Any CPU
		{AFC7A2F7-6A7D-4850-B3B1-C9D37CD0DF52}.AppStore|x86.Build.0 = Release|Any CPU
		{AFC7A2F7-6A7D-4850-B3B1-C9D37CD0DF52}.AppStore|x86.Deploy.0 = Release|Any CPU
		{AFC7A2F7-6A7D-4850-B3B1-C9D37CD0DF52}.Debug|Any CPU.ActiveCfg = Debug|Any CPU
		{AFC7A2F7-6A7D-4850-B3B1-C9D37CD0DF52}.Debug|Any CPU.Build.0 = Debug|Any CPU
		{AFC7A2F7-6A7D-4850-B3B1-C9D37CD0DF52}.Debug|Any CPU.Deploy.0 = Debug|Any CPU
		{AFC7A2F7-6A7D-4850-B3B1-C9D37CD0DF52}.Debug|ARM.ActiveCfg = Debug|Any CPU
		{AFC7A2F7-6A7D-4850-B3B1-C9D37CD0DF52}.Debug|ARM.Build.0 = Debug|Any CPU
		{AFC7A2F7-6A7D-4850-B3B1-C9D37CD0DF52}.Debug|ARM.Deploy.0 = Debug|Any CPU
		{AFC7A2F7-6A7D-4850-B3B1-C9D37CD0DF52}.Debug|iPhone.ActiveCfg = Debug|Any CPU
		{AFC7A2F7-6A7D-4850-B3B1-C9D37CD0DF52}.Debug|iPhone.Build.0 = Debug|Any CPU
		{AFC7A2F7-6A7D-4850-B3B1-C9D37CD0DF52}.Debug|iPhone.Deploy.0 = Debug|Any CPU
		{AFC7A2F7-6A7D-4850-B3B1-C9D37CD0DF52}.Debug|iPhoneSimulator.ActiveCfg = Debug|Any CPU
		{AFC7A2F7-6A7D-4850-B3B1-C9D37CD0DF52}.Debug|iPhoneSimulator.Build.0 = Debug|Any CPU
		{AFC7A2F7-6A7D-4850-B3B1-C9D37CD0DF52}.Debug|iPhoneSimulator.Deploy.0 = Debug|Any CPU
		{AFC7A2F7-6A7D-4850-B3B1-C9D37CD0DF52}.Debug|x64.ActiveCfg = Debug|Any CPU
		{AFC7A2F7-6A7D-4850-B3B1-C9D37CD0DF52}.Debug|x64.Build.0 = Debug|Any CPU
		{AFC7A2F7-6A7D-4850-B3B1-C9D37CD0DF52}.Debug|x64.Deploy.0 = Debug|Any CPU
		{AFC7A2F7-6A7D-4850-B3B1-C9D37CD0DF52}.Debug|x86.ActiveCfg = Debug|Any CPU
		{AFC7A2F7-6A7D-4850-B3B1-C9D37CD0DF52}.Debug|x86.Build.0 = Debug|Any CPU
		{AFC7A2F7-6A7D-4850-B3B1-C9D37CD0DF52}.Debug|x86.Deploy.0 = Debug|Any CPU
		{AFC7A2F7-6A7D-4850-B3B1-C9D37CD0DF52}.Release|Any CPU.ActiveCfg = Release|Any CPU
		{AFC7A2F7-6A7D-4850-B3B1-C9D37CD0DF52}.Release|Any CPU.Build.0 = Release|Any CPU
		{AFC7A2F7-6A7D-4850-B3B1-C9D37CD0DF52}.Release|Any CPU.Deploy.0 = Release|Any CPU
		{AFC7A2F7-6A7D-4850-B3B1-C9D37CD0DF52}.Release|ARM.ActiveCfg = Release|Any CPU
		{AFC7A2F7-6A7D-4850-B3B1-C9D37CD0DF52}.Release|ARM.Build.0 = Release|Any CPU
		{AFC7A2F7-6A7D-4850-B3B1-C9D37CD0DF52}.Release|ARM.Deploy.0 = Release|Any CPU
		{AFC7A2F7-6A7D-4850-B3B1-C9D37CD0DF52}.Release|iPhone.ActiveCfg = Release|Any CPU
		{AFC7A2F7-6A7D-4850-B3B1-C9D37CD0DF52}.Release|iPhone.Build.0 = Release|Any CPU
		{AFC7A2F7-6A7D-4850-B3B1-C9D37CD0DF52}.Release|iPhone.Deploy.0 = Release|Any CPU
		{AFC7A2F7-6A7D-4850-B3B1-C9D37CD0DF52}.Release|iPhoneSimulator.ActiveCfg = Release|Any CPU
		{AFC7A2F7-6A7D-4850-B3B1-C9D37CD0DF52}.Release|iPhoneSimulator.Build.0 = Release|Any CPU
		{AFC7A2F7-6A7D-4850-B3B1-C9D37CD0DF52}.Release|iPhoneSimulator.Deploy.0 = Release|Any CPU
		{AFC7A2F7-6A7D-4850-B3B1-C9D37CD0DF52}.Release|x64.ActiveCfg = Release|Any CPU
		{AFC7A2F7-6A7D-4850-B3B1-C9D37CD0DF52}.Release|x64.Build.0 = Release|Any CPU
		{AFC7A2F7-6A7D-4850-B3B1-C9D37CD0DF52}.Release|x64.Deploy.0 = Release|Any CPU
		{AFC7A2F7-6A7D-4850-B3B1-C9D37CD0DF52}.Release|x86.ActiveCfg = Release|Any CPU
		{AFC7A2F7-6A7D-4850-B3B1-C9D37CD0DF52}.Release|x86.Build.0 = Release|Any CPU
		{AFC7A2F7-6A7D-4850-B3B1-C9D37CD0DF52}.Release|x86.Deploy.0 = Release|Any CPU
		{C0FAD9D7-BDC3-40DD-855F-58A1EE585714}.Ad-Hoc|Any CPU.ActiveCfg = Ad-Hoc|iPhone
		{C0FAD9D7-BDC3-40DD-855F-58A1EE585714}.Ad-Hoc|ARM.ActiveCfg = Ad-Hoc|iPhone
		{C0FAD9D7-BDC3-40DD-855F-58A1EE585714}.Ad-Hoc|iPhone.ActiveCfg = Ad-Hoc|iPhone
		{C0FAD9D7-BDC3-40DD-855F-58A1EE585714}.Ad-Hoc|iPhone.Build.0 = Ad-Hoc|iPhone
		{C0FAD9D7-BDC3-40DD-855F-58A1EE585714}.Ad-Hoc|iPhoneSimulator.ActiveCfg = Ad-Hoc|iPhoneSimulator
		{C0FAD9D7-BDC3-40DD-855F-58A1EE585714}.Ad-Hoc|iPhoneSimulator.Build.0 = Ad-Hoc|iPhoneSimulator
		{C0FAD9D7-BDC3-40DD-855F-58A1EE585714}.Ad-Hoc|x64.ActiveCfg = Ad-Hoc|iPhone
		{C0FAD9D7-BDC3-40DD-855F-58A1EE585714}.Ad-Hoc|x86.ActiveCfg = Ad-Hoc|iPhone
		{C0FAD9D7-BDC3-40DD-855F-58A1EE585714}.AppStore|Any CPU.ActiveCfg = AppStore|iPhone
		{C0FAD9D7-BDC3-40DD-855F-58A1EE585714}.AppStore|ARM.ActiveCfg = AppStore|iPhone
		{C0FAD9D7-BDC3-40DD-855F-58A1EE585714}.AppStore|iPhone.ActiveCfg = AppStore|iPhone
		{C0FAD9D7-BDC3-40DD-855F-58A1EE585714}.AppStore|iPhone.Build.0 = AppStore|iPhone
		{C0FAD9D7-BDC3-40DD-855F-58A1EE585714}.AppStore|iPhoneSimulator.ActiveCfg = AppStore|iPhoneSimulator
		{C0FAD9D7-BDC3-40DD-855F-58A1EE585714}.AppStore|iPhoneSimulator.Build.0 = AppStore|iPhoneSimulator
		{C0FAD9D7-BDC3-40DD-855F-58A1EE585714}.AppStore|x64.ActiveCfg = AppStore|iPhone
		{C0FAD9D7-BDC3-40DD-855F-58A1EE585714}.AppStore|x86.ActiveCfg = AppStore|iPhone
		{C0FAD9D7-BDC3-40DD-855F-58A1EE585714}.Debug|Any CPU.ActiveCfg = Debug|iPhone
		{C0FAD9D7-BDC3-40DD-855F-58A1EE585714}.Debug|ARM.ActiveCfg = Debug|iPhone
		{C0FAD9D7-BDC3-40DD-855F-58A1EE585714}.Debug|iPhone.ActiveCfg = Debug|iPhone
		{C0FAD9D7-BDC3-40DD-855F-58A1EE585714}.Debug|iPhone.Build.0 = Debug|iPhone
		{C0FAD9D7-BDC3-40DD-855F-58A1EE585714}.Debug|iPhoneSimulator.ActiveCfg = Debug|iPhoneSimulator
		{C0FAD9D7-BDC3-40DD-855F-58A1EE585714}.Debug|iPhoneSimulator.Build.0 = Debug|iPhoneSimulator
		{C0FAD9D7-BDC3-40DD-855F-58A1EE585714}.Debug|x64.ActiveCfg = Debug|iPhone
		{C0FAD9D7-BDC3-40DD-855F-58A1EE585714}.Debug|x86.ActiveCfg = Debug|iPhone
		{C0FAD9D7-BDC3-40DD-855F-58A1EE585714}.Release|Any CPU.ActiveCfg = Release|iPhone
		{C0FAD9D7-BDC3-40DD-855F-58A1EE585714}.Release|ARM.ActiveCfg = Release|iPhone
		{C0FAD9D7-BDC3-40DD-855F-58A1EE585714}.Release|iPhone.ActiveCfg = Release|iPhone
		{C0FAD9D7-BDC3-40DD-855F-58A1EE585714}.Release|iPhone.Build.0 = Release|iPhone
		{C0FAD9D7-BDC3-40DD-855F-58A1EE585714}.Release|iPhoneSimulator.ActiveCfg = Release|iPhoneSimulator
		{C0FAD9D7-BDC3-40DD-855F-58A1EE585714}.Release|iPhoneSimulator.Build.0 = Release|iPhoneSimulator
		{C0FAD9D7-BDC3-40DD-855F-58A1EE585714}.Release|x64.ActiveCfg = Release|iPhone
		{C0FAD9D7-BDC3-40DD-855F-58A1EE585714}.Release|x86.ActiveCfg = Release|iPhone
		{8C6494EA-DEB6-4029-A39E-7DE89D622243}.Ad-Hoc|Any CPU.ActiveCfg = Release|Any CPU
		{8C6494EA-DEB6-4029-A39E-7DE89D622243}.Ad-Hoc|Any CPU.Build.0 = Release|Any CPU
		{8C6494EA-DEB6-4029-A39E-7DE89D622243}.Ad-Hoc|Any CPU.Deploy.0 = Release|Any CPU
		{8C6494EA-DEB6-4029-A39E-7DE89D622243}.Ad-Hoc|ARM.ActiveCfg = Release|ARM
		{8C6494EA-DEB6-4029-A39E-7DE89D622243}.Ad-Hoc|ARM.Build.0 = Release|ARM
		{8C6494EA-DEB6-4029-A39E-7DE89D622243}.Ad-Hoc|ARM.Deploy.0 = Release|ARM
		{8C6494EA-DEB6-4029-A39E-7DE89D622243}.Ad-Hoc|iPhone.ActiveCfg = Release|Any CPU
		{8C6494EA-DEB6-4029-A39E-7DE89D622243}.Ad-Hoc|iPhone.Build.0 = Release|Any CPU
		{8C6494EA-DEB6-4029-A39E-7DE89D622243}.Ad-Hoc|iPhone.Deploy.0 = Release|Any CPU
		{8C6494EA-DEB6-4029-A39E-7DE89D622243}.Ad-Hoc|iPhoneSimulator.ActiveCfg = Release|Any CPU
		{8C6494EA-DEB6-4029-A39E-7DE89D622243}.Ad-Hoc|iPhoneSimulator.Build.0 = Release|Any CPU
		{8C6494EA-DEB6-4029-A39E-7DE89D622243}.Ad-Hoc|iPhoneSimulator.Deploy.0 = Release|Any CPU
		{8C6494EA-DEB6-4029-A39E-7DE89D622243}.Ad-Hoc|x64.ActiveCfg = Release|Any CPU
		{8C6494EA-DEB6-4029-A39E-7DE89D622243}.Ad-Hoc|x64.Build.0 = Release|Any CPU
		{8C6494EA-DEB6-4029-A39E-7DE89D622243}.Ad-Hoc|x64.Deploy.0 = Release|Any CPU
		{8C6494EA-DEB6-4029-A39E-7DE89D622243}.Ad-Hoc|x86.ActiveCfg = Release|x86
		{8C6494EA-DEB6-4029-A39E-7DE89D622243}.Ad-Hoc|x86.Build.0 = Release|x86
		{8C6494EA-DEB6-4029-A39E-7DE89D622243}.Ad-Hoc|x86.Deploy.0 = Release|x86
		{8C6494EA-DEB6-4029-A39E-7DE89D622243}.AppStore|Any CPU.ActiveCfg = Release|Any CPU
		{8C6494EA-DEB6-4029-A39E-7DE89D622243}.AppStore|Any CPU.Build.0 = Release|Any CPU
		{8C6494EA-DEB6-4029-A39E-7DE89D622243}.AppStore|Any CPU.Deploy.0 = Release|Any CPU
		{8C6494EA-DEB6-4029-A39E-7DE89D622243}.AppStore|ARM.ActiveCfg = Release|ARM
		{8C6494EA-DEB6-4029-A39E-7DE89D622243}.AppStore|ARM.Build.0 = Release|ARM
		{8C6494EA-DEB6-4029-A39E-7DE89D622243}.AppStore|ARM.Deploy.0 = Release|ARM
		{8C6494EA-DEB6-4029-A39E-7DE89D622243}.AppStore|iPhone.ActiveCfg = Release|Any CPU
		{8C6494EA-DEB6-4029-A39E-7DE89D622243}.AppStore|iPhone.Build.0 = Release|Any CPU
		{8C6494EA-DEB6-4029-A39E-7DE89D622243}.AppStore|iPhone.Deploy.0 = Release|Any CPU
		{8C6494EA-DEB6-4029-A39E-7DE89D622243}.AppStore|iPhoneSimulator.ActiveCfg = Release|Any CPU
		{8C6494EA-DEB6-4029-A39E-7DE89D622243}.AppStore|iPhoneSimulator.Build.0 = Release|Any CPU
		{8C6494EA-DEB6-4029-A39E-7DE89D622243}.AppStore|iPhoneSimulator.Deploy.0 = Release|Any CPU
		{8C6494EA-DEB6-4029-A39E-7DE89D622243}.AppStore|x64.ActiveCfg = Release|Any CPU
		{8C6494EA-DEB6-4029-A39E-7DE89D622243}.AppStore|x64.Build.0 = Release|Any CPU
		{8C6494EA-DEB6-4029-A39E-7DE89D622243}.AppStore|x64.Deploy.0 = Release|Any CPU
		{8C6494EA-DEB6-4029-A39E-7DE89D622243}.AppStore|x86.ActiveCfg = Release|x86
		{8C6494EA-DEB6-4029-A39E-7DE89D622243}.AppStore|x86.Build.0 = Release|x86
		{8C6494EA-DEB6-4029-A39E-7DE89D622243}.AppStore|x86.Deploy.0 = Release|x86
		{8C6494EA-DEB6-4029-A39E-7DE89D622243}.Debug|Any CPU.ActiveCfg = Debug|Any CPU
		{8C6494EA-DEB6-4029-A39E-7DE89D622243}.Debug|Any CPU.Build.0 = Debug|Any CPU
		{8C6494EA-DEB6-4029-A39E-7DE89D622243}.Debug|Any CPU.Deploy.0 = Debug|Any CPU
		{8C6494EA-DEB6-4029-A39E-7DE89D622243}.Debug|ARM.ActiveCfg = Debug|ARM
		{8C6494EA-DEB6-4029-A39E-7DE89D622243}.Debug|ARM.Build.0 = Debug|ARM
		{8C6494EA-DEB6-4029-A39E-7DE89D622243}.Debug|ARM.Deploy.0 = Debug|ARM
		{8C6494EA-DEB6-4029-A39E-7DE89D622243}.Debug|iPhone.ActiveCfg = Debug|Any CPU
		{8C6494EA-DEB6-4029-A39E-7DE89D622243}.Debug|iPhone.Build.0 = Debug|Any CPU
		{8C6494EA-DEB6-4029-A39E-7DE89D622243}.Debug|iPhone.Deploy.0 = Debug|Any CPU
		{8C6494EA-DEB6-4029-A39E-7DE89D622243}.Debug|iPhoneSimulator.ActiveCfg = Debug|Any CPU
		{8C6494EA-DEB6-4029-A39E-7DE89D622243}.Debug|iPhoneSimulator.Build.0 = Debug|Any CPU
		{8C6494EA-DEB6-4029-A39E-7DE89D622243}.Debug|iPhoneSimulator.Deploy.0 = Debug|Any CPU
		{8C6494EA-DEB6-4029-A39E-7DE89D622243}.Debug|x64.ActiveCfg = Debug|Any CPU
		{8C6494EA-DEB6-4029-A39E-7DE89D622243}.Debug|x64.Build.0 = Debug|Any CPU
		{8C6494EA-DEB6-4029-A39E-7DE89D622243}.Debug|x64.Deploy.0 = Debug|Any CPU
		{8C6494EA-DEB6-4029-A39E-7DE89D622243}.Debug|x86.ActiveCfg = Debug|x86
		{8C6494EA-DEB6-4029-A39E-7DE89D622243}.Debug|x86.Build.0 = Debug|x86
		{8C6494EA-DEB6-4029-A39E-7DE89D622243}.Debug|x86.Deploy.0 = Debug|x86
		{8C6494EA-DEB6-4029-A39E-7DE89D622243}.Release|Any CPU.ActiveCfg = Release|Any CPU
		{8C6494EA-DEB6-4029-A39E-7DE89D622243}.Release|Any CPU.Build.0 = Release|Any CPU
		{8C6494EA-DEB6-4029-A39E-7DE89D622243}.Release|Any CPU.Deploy.0 = Release|Any CPU
		{8C6494EA-DEB6-4029-A39E-7DE89D622243}.Release|ARM.ActiveCfg = Release|ARM
		{8C6494EA-DEB6-4029-A39E-7DE89D622243}.Release|ARM.Build.0 = Release|ARM
		{8C6494EA-DEB6-4029-A39E-7DE89D622243}.Release|ARM.Deploy.0 = Release|ARM
		{8C6494EA-DEB6-4029-A39E-7DE89D622243}.Release|iPhone.ActiveCfg = Release|Any CPU
		{8C6494EA-DEB6-4029-A39E-7DE89D622243}.Release|iPhone.Build.0 = Release|Any CPU
		{8C6494EA-DEB6-4029-A39E-7DE89D622243}.Release|iPhone.Deploy.0 = Release|Any CPU
		{8C6494EA-DEB6-4029-A39E-7DE89D622243}.Release|iPhoneSimulator.ActiveCfg = Release|Any CPU
		{8C6494EA-DEB6-4029-A39E-7DE89D622243}.Release|iPhoneSimulator.Build.0 = Release|Any CPU
		{8C6494EA-DEB6-4029-A39E-7DE89D622243}.Release|iPhoneSimulator.Deploy.0 = Release|Any CPU
		{8C6494EA-DEB6-4029-A39E-7DE89D622243}.Release|x64.ActiveCfg = Release|Any CPU
		{8C6494EA-DEB6-4029-A39E-7DE89D622243}.Release|x64.Build.0 = Release|Any CPU
		{8C6494EA-DEB6-4029-A39E-7DE89D622243}.Release|x64.Deploy.0 = Release|Any CPU
		{8C6494EA-DEB6-4029-A39E-7DE89D622243}.Release|x86.ActiveCfg = Release|x86
		{8C6494EA-DEB6-4029-A39E-7DE89D622243}.Release|x86.Build.0 = Release|x86
		{8C6494EA-DEB6-4029-A39E-7DE89D622243}.Release|x86.Deploy.0 = Release|x86
		{C96FCD9C-91A0-46AA-8E63-982B3AE8CB58}.Ad-Hoc|Any CPU.ActiveCfg = Release|Any CPU
		{C96FCD9C-91A0-46AA-8E63-982B3AE8CB58}.Ad-Hoc|Any CPU.Build.0 = Release|Any CPU
		{C96FCD9C-91A0-46AA-8E63-982B3AE8CB58}.Ad-Hoc|Any CPU.Deploy.0 = Release|Any CPU
		{C96FCD9C-91A0-46AA-8E63-982B3AE8CB58}.Ad-Hoc|ARM.ActiveCfg = Release|ARM
		{C96FCD9C-91A0-46AA-8E63-982B3AE8CB58}.Ad-Hoc|ARM.Build.0 = Release|ARM
		{C96FCD9C-91A0-46AA-8E63-982B3AE8CB58}.Ad-Hoc|ARM.Deploy.0 = Release|ARM
		{C96FCD9C-91A0-46AA-8E63-982B3AE8CB58}.Ad-Hoc|iPhone.ActiveCfg = Release|Any CPU
		{C96FCD9C-91A0-46AA-8E63-982B3AE8CB58}.Ad-Hoc|iPhone.Build.0 = Release|Any CPU
		{C96FCD9C-91A0-46AA-8E63-982B3AE8CB58}.Ad-Hoc|iPhone.Deploy.0 = Release|Any CPU
		{C96FCD9C-91A0-46AA-8E63-982B3AE8CB58}.Ad-Hoc|iPhoneSimulator.ActiveCfg = Release|Any CPU
		{C96FCD9C-91A0-46AA-8E63-982B3AE8CB58}.Ad-Hoc|iPhoneSimulator.Build.0 = Release|Any CPU
		{C96FCD9C-91A0-46AA-8E63-982B3AE8CB58}.Ad-Hoc|iPhoneSimulator.Deploy.0 = Release|Any CPU
		{C96FCD9C-91A0-46AA-8E63-982B3AE8CB58}.Ad-Hoc|x64.ActiveCfg = Release|x64
		{C96FCD9C-91A0-46AA-8E63-982B3AE8CB58}.Ad-Hoc|x64.Build.0 = Release|x64
		{C96FCD9C-91A0-46AA-8E63-982B3AE8CB58}.Ad-Hoc|x64.Deploy.0 = Release|x64
		{C96FCD9C-91A0-46AA-8E63-982B3AE8CB58}.Ad-Hoc|x86.ActiveCfg = Release|x86
		{C96FCD9C-91A0-46AA-8E63-982B3AE8CB58}.Ad-Hoc|x86.Build.0 = Release|x86
		{C96FCD9C-91A0-46AA-8E63-982B3AE8CB58}.Ad-Hoc|x86.Deploy.0 = Release|x86
		{C96FCD9C-91A0-46AA-8E63-982B3AE8CB58}.AppStore|Any CPU.ActiveCfg = Release|Any CPU
		{C96FCD9C-91A0-46AA-8E63-982B3AE8CB58}.AppStore|Any CPU.Build.0 = Release|Any CPU
		{C96FCD9C-91A0-46AA-8E63-982B3AE8CB58}.AppStore|Any CPU.Deploy.0 = Release|Any CPU
		{C96FCD9C-91A0-46AA-8E63-982B3AE8CB58}.AppStore|ARM.ActiveCfg = Release|ARM
		{C96FCD9C-91A0-46AA-8E63-982B3AE8CB58}.AppStore|ARM.Build.0 = Release|ARM
		{C96FCD9C-91A0-46AA-8E63-982B3AE8CB58}.AppStore|ARM.Deploy.0 = Release|ARM
		{C96FCD9C-91A0-46AA-8E63-982B3AE8CB58}.AppStore|iPhone.ActiveCfg = Release|Any CPU
		{C96FCD9C-91A0-46AA-8E63-982B3AE8CB58}.AppStore|iPhone.Build.0 = Release|Any CPU
		{C96FCD9C-91A0-46AA-8E63-982B3AE8CB58}.AppStore|iPhone.Deploy.0 = Release|Any CPU
		{C96FCD9C-91A0-46AA-8E63-982B3AE8CB58}.AppStore|iPhoneSimulator.ActiveCfg = Release|Any CPU
		{C96FCD9C-91A0-46AA-8E63-982B3AE8CB58}.AppStore|iPhoneSimulator.Build.0 = Release|Any CPU
		{C96FCD9C-91A0-46AA-8E63-982B3AE8CB58}.AppStore|iPhoneSimulator.Deploy.0 = Release|Any CPU
		{C96FCD9C-91A0-46AA-8E63-982B3AE8CB58}.AppStore|x64.ActiveCfg = Release|x64
		{C96FCD9C-91A0-46AA-8E63-982B3AE8CB58}.AppStore|x64.Build.0 = Release|x64
		{C96FCD9C-91A0-46AA-8E63-982B3AE8CB58}.AppStore|x64.Deploy.0 = Release|x64
		{C96FCD9C-91A0-46AA-8E63-982B3AE8CB58}.AppStore|x86.ActiveCfg = Release|x86
		{C96FCD9C-91A0-46AA-8E63-982B3AE8CB58}.AppStore|x86.Build.0 = Release|x86
		{C96FCD9C-91A0-46AA-8E63-982B3AE8CB58}.AppStore|x86.Deploy.0 = Release|x86
		{C96FCD9C-91A0-46AA-8E63-982B3AE8CB58}.Debug|Any CPU.ActiveCfg = Debug|Any CPU
		{C96FCD9C-91A0-46AA-8E63-982B3AE8CB58}.Debug|Any CPU.Build.0 = Debug|Any CPU
		{C96FCD9C-91A0-46AA-8E63-982B3AE8CB58}.Debug|Any CPU.Deploy.0 = Debug|Any CPU
		{C96FCD9C-91A0-46AA-8E63-982B3AE8CB58}.Debug|ARM.ActiveCfg = Debug|ARM
		{C96FCD9C-91A0-46AA-8E63-982B3AE8CB58}.Debug|ARM.Build.0 = Debug|ARM
		{C96FCD9C-91A0-46AA-8E63-982B3AE8CB58}.Debug|ARM.Deploy.0 = Debug|ARM
		{C96FCD9C-91A0-46AA-8E63-982B3AE8CB58}.Debug|iPhone.ActiveCfg = Debug|Any CPU
		{C96FCD9C-91A0-46AA-8E63-982B3AE8CB58}.Debug|iPhone.Build.0 = Debug|Any CPU
		{C96FCD9C-91A0-46AA-8E63-982B3AE8CB58}.Debug|iPhone.Deploy.0 = Debug|Any CPU
		{C96FCD9C-91A0-46AA-8E63-982B3AE8CB58}.Debug|iPhoneSimulator.ActiveCfg = Debug|Any CPU
		{C96FCD9C-91A0-46AA-8E63-982B3AE8CB58}.Debug|iPhoneSimulator.Build.0 = Debug|Any CPU
		{C96FCD9C-91A0-46AA-8E63-982B3AE8CB58}.Debug|iPhoneSimulator.Deploy.0 = Debug|Any CPU
		{C96FCD9C-91A0-46AA-8E63-982B3AE8CB58}.Debug|x64.ActiveCfg = Debug|x64
		{C96FCD9C-91A0-46AA-8E63-982B3AE8CB58}.Debug|x64.Build.0 = Debug|x64
		{C96FCD9C-91A0-46AA-8E63-982B3AE8CB58}.Debug|x64.Deploy.0 = Debug|x64
		{C96FCD9C-91A0-46AA-8E63-982B3AE8CB58}.Debug|x86.ActiveCfg = Debug|x86
		{C96FCD9C-91A0-46AA-8E63-982B3AE8CB58}.Debug|x86.Build.0 = Debug|x86
		{C96FCD9C-91A0-46AA-8E63-982B3AE8CB58}.Debug|x86.Deploy.0 = Debug|x86
		{C96FCD9C-91A0-46AA-8E63-982B3AE8CB58}.Release|Any CPU.ActiveCfg = Release|Any CPU
		{C96FCD9C-91A0-46AA-8E63-982B3AE8CB58}.Release|Any CPU.Build.0 = Release|Any CPU
		{C96FCD9C-91A0-46AA-8E63-982B3AE8CB58}.Release|Any CPU.Deploy.0 = Release|Any CPU
		{C96FCD9C-91A0-46AA-8E63-982B3AE8CB58}.Release|ARM.ActiveCfg = Release|ARM
		{C96FCD9C-91A0-46AA-8E63-982B3AE8CB58}.Release|ARM.Build.0 = Release|ARM
		{C96FCD9C-91A0-46AA-8E63-982B3AE8CB58}.Release|ARM.Deploy.0 = Release|ARM
		{C96FCD9C-91A0-46AA-8E63-982B3AE8CB58}.Release|iPhone.ActiveCfg = Release|Any CPU
		{C96FCD9C-91A0-46AA-8E63-982B3AE8CB58}.Release|iPhone.Build.0 = Release|Any CPU
		{C96FCD9C-91A0-46AA-8E63-982B3AE8CB58}.Release|iPhone.Deploy.0 = Release|Any CPU
		{C96FCD9C-91A0-46AA-8E63-982B3AE8CB58}.Release|iPhoneSimulator.ActiveCfg = Release|Any CPU
		{C96FCD9C-91A0-46AA-8E63-982B3AE8CB58}.Release|iPhoneSimulator.Build.0 = Release|Any CPU
		{C96FCD9C-91A0-46AA-8E63-982B3AE8CB58}.Release|iPhoneSimulator.Deploy.0 = Release|Any CPU
		{C96FCD9C-91A0-46AA-8E63-982B3AE8CB58}.Release|x64.ActiveCfg = Release|x64
		{C96FCD9C-91A0-46AA-8E63-982B3AE8CB58}.Release|x64.Build.0 = Release|x64
		{C96FCD9C-91A0-46AA-8E63-982B3AE8CB58}.Release|x64.Deploy.0 = Release|x64
		{C96FCD9C-91A0-46AA-8E63-982B3AE8CB58}.Release|x86.ActiveCfg = Release|x86
		{C96FCD9C-91A0-46AA-8E63-982B3AE8CB58}.Release|x86.Build.0 = Release|x86
		{C96FCD9C-91A0-46AA-8E63-982B3AE8CB58}.Release|x86.Deploy.0 = Release|x86
		{BD1366BF-6026-472E-8946-F249D042326F}.Ad-Hoc|Any CPU.ActiveCfg = Release|Any CPU
		{BD1366BF-6026-472E-8946-F249D042326F}.Ad-Hoc|Any CPU.Build.0 = Release|Any CPU
		{BD1366BF-6026-472E-8946-F249D042326F}.Ad-Hoc|ARM.ActiveCfg = Release|Any CPU
		{BD1366BF-6026-472E-8946-F249D042326F}.Ad-Hoc|ARM.Build.0 = Release|Any CPU
		{BD1366BF-6026-472E-8946-F249D042326F}.Ad-Hoc|iPhone.ActiveCfg = Release|Any CPU
		{BD1366BF-6026-472E-8946-F249D042326F}.Ad-Hoc|iPhone.Build.0 = Release|Any CPU
		{BD1366BF-6026-472E-8946-F249D042326F}.Ad-Hoc|iPhoneSimulator.ActiveCfg = Release|Any CPU
		{BD1366BF-6026-472E-8946-F249D042326F}.Ad-Hoc|iPhoneSimulator.Build.0 = Release|Any CPU
		{BD1366BF-6026-472E-8946-F249D042326F}.Ad-Hoc|x64.ActiveCfg = Release|Any CPU
		{BD1366BF-6026-472E-8946-F249D042326F}.Ad-Hoc|x64.Build.0 = Release|Any CPU
		{BD1366BF-6026-472E-8946-F249D042326F}.Ad-Hoc|x86.ActiveCfg = Release|Any CPU
		{BD1366BF-6026-472E-8946-F249D042326F}.Ad-Hoc|x86.Build.0 = Release|Any CPU
		{BD1366BF-6026-472E-8946-F249D042326F}.AppStore|Any CPU.ActiveCfg = Release|Any CPU
		{BD1366BF-6026-472E-8946-F249D042326F}.AppStore|Any CPU.Build.0 = Release|Any CPU
		{BD1366BF-6026-472E-8946-F249D042326F}.AppStore|ARM.ActiveCfg = Release|Any CPU
		{BD1366BF-6026-472E-8946-F249D042326F}.AppStore|ARM.Build.0 = Release|Any CPU
		{BD1366BF-6026-472E-8946-F249D042326F}.AppStore|iPhone.ActiveCfg = Release|Any CPU
		{BD1366BF-6026-472E-8946-F249D042326F}.AppStore|iPhone.Build.0 = Release|Any CPU
		{BD1366BF-6026-472E-8946-F249D042326F}.AppStore|iPhoneSimulator.ActiveCfg = Release|Any CPU
		{BD1366BF-6026-472E-8946-F249D042326F}.AppStore|iPhoneSimulator.Build.0 = Release|Any CPU
		{BD1366BF-6026-472E-8946-F249D042326F}.AppStore|x64.ActiveCfg = Release|Any CPU
		{BD1366BF-6026-472E-8946-F249D042326F}.AppStore|x64.Build.0 = Release|Any CPU
		{BD1366BF-6026-472E-8946-F249D042326F}.AppStore|x86.ActiveCfg = Release|Any CPU
		{BD1366BF-6026-472E-8946-F249D042326F}.AppStore|x86.Build.0 = Release|Any CPU
		{BD1366BF-6026-472E-8946-F249D042326F}.Debug|Any CPU.ActiveCfg = Debug|Any CPU
		{BD1366BF-6026-472E-8946-F249D042326F}.Debug|Any CPU.Build.0 = Debug|Any CPU
		{BD1366BF-6026-472E-8946-F249D042326F}.Debug|ARM.ActiveCfg = Debug|Any CPU
		{BD1366BF-6026-472E-8946-F249D042326F}.Debug|ARM.Build.0 = Debug|Any CPU
		{BD1366BF-6026-472E-8946-F249D042326F}.Debug|iPhone.ActiveCfg = Debug|Any CPU
		{BD1366BF-6026-472E-8946-F249D042326F}.Debug|iPhone.Build.0 = Debug|Any CPU
		{BD1366BF-6026-472E-8946-F249D042326F}.Debug|iPhoneSimulator.ActiveCfg = Debug|Any CPU
		{BD1366BF-6026-472E-8946-F249D042326F}.Debug|iPhoneSimulator.Build.0 = Debug|Any CPU
		{BD1366BF-6026-472E-8946-F249D042326F}.Debug|x64.ActiveCfg = Debug|Any CPU
		{BD1366BF-6026-472E-8946-F249D042326F}.Debug|x64.Build.0 = Debug|Any CPU
		{BD1366BF-6026-472E-8946-F249D042326F}.Debug|x86.ActiveCfg = Debug|Any CPU
		{BD1366BF-6026-472E-8946-F249D042326F}.Debug|x86.Build.0 = Debug|Any CPU
		{BD1366BF-6026-472E-8946-F249D042326F}.Release|Any CPU.ActiveCfg = Release|Any CPU
		{BD1366BF-6026-472E-8946-F249D042326F}.Release|Any CPU.Build.0 = Release|Any CPU
		{BD1366BF-6026-472E-8946-F249D042326F}.Release|ARM.ActiveCfg = Release|Any CPU
		{BD1366BF-6026-472E-8946-F249D042326F}.Release|ARM.Build.0 = Release|Any CPU
		{BD1366BF-6026-472E-8946-F249D042326F}.Release|iPhone.ActiveCfg = Release|Any CPU
		{BD1366BF-6026-472E-8946-F249D042326F}.Release|iPhone.Build.0 = Release|Any CPU
		{BD1366BF-6026-472E-8946-F249D042326F}.Release|iPhoneSimulator.ActiveCfg = Release|Any CPU
		{BD1366BF-6026-472E-8946-F249D042326F}.Release|iPhoneSimulator.Build.0 = Release|Any CPU
		{BD1366BF-6026-472E-8946-F249D042326F}.Release|x64.ActiveCfg = Release|Any CPU
		{BD1366BF-6026-472E-8946-F249D042326F}.Release|x64.Build.0 = Release|Any CPU
		{BD1366BF-6026-472E-8946-F249D042326F}.Release|x86.ActiveCfg = Release|Any CPU
		{BD1366BF-6026-472E-8946-F249D042326F}.Release|x86.Build.0 = Release|Any CPU
	EndGlobalSection
	GlobalSection(SolutionProperties) = preSolution
		HideSolutionNode = FALSE
	EndGlobalSection
EndGlobal
